
Microsoft Visual Studio Solution File, Format Version 12.00
# Visual Studio Version 16
VisualStudioVersion = 16.0.30523.141
MinimumVisualStudioVersion = 10.0.40219.1
Project("{FAE04EC0-301F-11D3-BF4B-00C04F79EFBC}") = "CodeFirstUniversity", "CodeFirstUniversity\CodeFirstUniversity.csproj", "{7542A27B-CDDC-4C40-9EF3-7CB03E290BE7}"
EndProject
Global
	GlobalSection(SolutionConfigurationPlatforms) = preSolution
		Debug|Any CPU = Debug|Any CPU
		Release|Any CPU = Release|Any CPU
	EndGlobalSection
	GlobalSection(ProjectConfigurationPlatforms) = postSolution
		{7542A27B-CDDC-4C40-9EF3-7CB03E290BE7}.Debug|Any CPU.ActiveCfg = Debug|Any CPU
		{7542A27B-CDDC-4C40-9EF3-7CB03E290BE7}.Debug|Any CPU.Build.0 = Debug|Any CPU
		{7542A27B-CDDC-4C40-9EF3-7CB03E290BE7}.Release|Any CPU.ActiveCfg = Release|Any CPU
		{7542A27B-CDDC-4C40-9EF3-7CB03E290BE7}.Release|Any CPU.Build.0 = Release|Any CPU
	EndGlobalSection
	GlobalSection(SolutionProperties) = preSolution
		HideSolutionNode = FALSE
	EndGlobalSection
	GlobalSection(ExtensibilityGlobals) = postSolution
		SolutionGuid = {DB4EA209-4FEE-4320-91A2-FFCF40665A08}
	EndGlobalSection
EndGlobal
